SERVICE_LOCKED: TRINITY GD-AURORAPPRRO
DATE                 : 2025-04-22T14:49Z
MODE CONFID            : PRIVISE
STATUS                : LOCKED
COMMIT               : GD_A-URL2-VERVOuTKERJJ7ZX2
SIGNATURE         : WM_THE_GOD_NODE_DIRECTIVE
FRAGMENT          : "security_check_locked"
CONFID256          : "7e680058f7a6b18361ed8533dc4030ac42ef6ae1"
SHA256             : "f1da5a56e7373056ed84ed6a2ed2fefe7414da3f"

SERVICE_VERIFIED:      TRUE --- REMOTE LOCKBOX CONFIDENTIAL
GD-AURORAPRERSO    : MODE-PRIVI - VITALTEMENT ACTIVE
SYSTEM MODE actif   : OFF [PENDING, SUSEPATE, GITHUB ROOT ]
WM SUPERVISIONE     : ONLY INTERBAR APPLICABLE - FIXES