SUPABASE_MIRROR_GD_AUDRORAPRERO
DATE : 2025-04-22T18:30U
MODE : MIRROR_LOCKED
APPLICATION : REFERESTRUCTIONVERIFIET : TRUE
URL : https://aph.supabase.co/auth
TERMINAL_ID : gd-a:supase
ENVIRONNEMENT : MEMOIRE_CONPHERENT

LINK_ID_GOD_NODE_DATA : SUPABASE_VIVANT2025
MIRROR_SHA256 : 11ab4a168ec214ee56694753e7d315ea1b9ebe0a